
Microsoft Visual Studio Solution File, Format Version 12.00
# Visual Studio Version 16
VisualStudioVersion = 16.0.29409.12
MinimumVisualStudioVersion = 10.0.40219.1
Project("{FAE04EC0-301F-11D3-BF4B-00C04F79EFBC}") = "SandboxTest.BLL", "SandboxTest.BLL\SandboxTest.BLL.csproj", "{DB286EEA-B9A8-4DB0-8243-2BE8B9CAC39B}"
EndProject
Project("{FAE04EC0-301F-11D3-BF4B-00C04F79EFBC}") = "SandboxTest.Test", "SandboxTest.Test\SandboxTest.Test.csproj", "{C9081F00-8569-4FC6-889C-BB8CDF2B8D62}"
EndProject
Project("{FAE04EC0-301F-11D3-BF4B-00C04F79EFBC}") = "SandboxTest.DAL", "SandboxTest.DAL\SandboxTest.DAL.csproj", "{D048D070-BE93-4906-B228-DB686A40960A}"
EndProject
Global
	GlobalSection(SolutionConfigurationPlatforms) = preSolution
		Debug|Any CPU = Debug|Any CPU
		Release|Any CPU = Release|Any CPU
	EndGlobalSection
	GlobalSection(ProjectConfigurationPlatforms) = postSolution
		{DB286EEA-B9A8-4DB0-8243-2BE8B9CAC39B}.Debug|Any CPU.ActiveCfg = Debug|Any CPU
		{DB286EEA-B9A8-4DB0-8243-2BE8B9CAC39B}.Debug|Any CPU.Build.0 = Debug|Any CPU
		{DB286EEA-B9A8-4DB0-8243-2BE8B9CAC39B}.Release|Any CPU.ActiveCfg = Release|Any CPU
		{DB286EEA-B9A8-4DB0-8243-2BE8B9CAC39B}.Release|Any CPU.Build.0 = Release|Any CPU
		{C9081F00-8569-4FC6-889C-BB8CDF2B8D62}.Debug|Any CPU.ActiveCfg = Debug|Any CPU
		{C9081F00-8569-4FC6-889C-BB8CDF2B8D62}.Debug|Any CPU.Build.0 = Debug|Any CPU
		{C9081F00-8569-4FC6-889C-BB8CDF2B8D62}.Release|Any CPU.ActiveCfg = Release|Any CPU
		{C9081F00-8569-4FC6-889C-BB8CDF2B8D62}.Release|Any CPU.Build.0 = Release|Any CPU
		{D048D070-BE93-4906-B228-DB686A40960A}.Debug|Any CPU.ActiveCfg = Debug|Any CPU
		{D048D070-BE93-4906-B228-DB686A40960A}.Debug|Any CPU.Build.0 = Debug|Any CPU
		{D048D070-BE93-4906-B228-DB686A40960A}.Release|Any CPU.ActiveCfg = Release|Any CPU
		{D048D070-BE93-4906-B228-DB686A40960A}.Release|Any CPU.Build.0 = Release|Any CPU
	EndGlobalSection
	GlobalSection(SolutionProperties) = preSolution
		HideSolutionNode = FALSE
	EndGlobalSection
	GlobalSection(ExtensibilityGlobals) = postSolution
		SolutionGuid = {1EB07BA1-052C-482E-ADEC-5C491C1D4593}
	EndGlobalSection
EndGlobal
